{
  "originHash" : "b8ee1cfb8bb6a41d0a3ae77e9c0704bc9dd766f6b221f785246d5c6c830d1ae7",
  "pins" : [
    {
      "identity" : "capacitor-swift-pm",
      "kind" : "remoteSourceControl",
      "location" : "https://github.com/ionic-team/capacitor-swift-pm.git",
      "state" : {
        "revision" : "40cf264baa3f4b308738bd31e3de94f607550adb",
        "version" : "7.6.6"
      }
    }
  ],
  "version" : 3
}
